// !$*UTF8*$!
{
	archiveVersion = 1;
	classes = {
	};
	objectVersion = 55;
	objects = {

/* Begin PBXBuildFile section */
		1F2DB71E27A99DAD007E762A /* FavoriteCell.swift in Sources */ = {isa = PBXBuildFile; fileRef = 1F2DB71D27A99DAD007E762A /* FavoriteCell.swift */; };
		1F47D17627A9F972005BBC14 /* DetailPhotoViewController.swift in Sources */ = {isa = PBXBuildFile; fileRef = 1F47D17527A9F972005BBC14 /* DetailPhotoViewController.swift */; };
		1FAFFBEB27A850F200D13FB5 /* FavoritePhotosViewController.swift in Sources */ = {isa = PBXBuildFile; fileRef = 1FAFFBEA27A850F200D13FB5 /* FavoritePhotosViewController.swift */; };
		1FBA4EA527A68A72004EFD7D /* NetworkService.swift in Sources */ = {isa = PBXBuildFile; fileRef = 1FBA4EA427A68A72004EFD7D /* NetworkService.swift */; };
		1FBA4EA827A6A4E7004EFD7D /* NetworkDataFetcher.swift in Sources */ = {isa = PBXBuildFile; fileRef = 1FBA4EA727A6A4E7004EFD7D /* NetworkDataFetcher.swift */; };
		1FBA4EAA27A6A550004EFD7D /* SearchResults.swift in Sources */ = {isa = PBXBuildFile; fileRef = 1FBA4EA927A6A550004EFD7D /* SearchResults.swift */; };
		1FEB7BE527A7C6D5006C3774 /* PhotosCell.swift in Sources */ = {isa = PBXBuildFile; fileRef = 1FEB7BE427A7C6D5006C3774 /* PhotosCell.swift */; };
		1FEB7BE827A7D182006C3774 /* SDWebImage in Frameworks */ = {isa = PBXBuildFile; productRef = 1FEB7BE727A7D182006C3774 /* SDWebImage */; };
		1FFD139827A5C26E00E3FCA4 /* AppDelegate.swift in Sources */ = {isa = PBXBuildFile; fileRef = 1FFD139727A5C26E00E3FCA4 /* AppDelegate.swift */; };
		1FFD139A27A5C26E00E3FCA4 /* SceneDelegate.swift in Sources */ = {isa = PBXBuildFile; fileRef = 1FFD139927A5C26E00E3FCA4 /* SceneDelegate.swift */; };
		1FFD139C27A5C26E00E3FCA4 /* ViewController.swift in Sources */ = {isa = PBXBuildFile; fileRef = 1FFD139B27A5C26E00E3FCA4 /* ViewController.swift */; };
		1FFD139F27A5C26E00E3FCA4 /* Main.storyboard in Resources */ = {isa = PBXBuildFile; fileRef = 1FFD139D27A5C26E00E3FCA4 /* Main.storyboard */; };
		1FFD13A127A5C26F00E3FCA4 /* Assets.xcassets in Resources */ = {isa = PBXBuildFile; fileRef = 1FFD13A027A5C26F00E3FCA4 /* Assets.xcassets */; };
		1FFD13A427A5C26F00E3FCA4 /* LaunchScreen.storyboard in Resources */ = {isa = PBXBuildFile; fileRef = 1FFD13A227A5C26F00E3FCA4 /* LaunchScreen.storyboard */; };
		1FFD13AC27A5C4B300E3FCA4 /* MainTabBarController.swift in Sources */ = {isa = PBXBuildFile; fileRef = 1FFD13AB27A5C4B300E3FCA4 /* MainTabBarController.swift */; };
		1FFD13AE27A5C62100E3FCA4 /* PhotosCollectionViewController.swift in Sources */ = {isa = PBXBuildFile; fileRef = 1FFD13AD27A5C62100E3FCA4 /* PhotosCollectionViewController.swift */; };
/* End PBXBuildFile section */

/* Begin PBXFileReference section */
		1F2DB71D27A99DAD007E762A /* FavoriteCell.swift */ = {isa = PBXFileReference; lastKnownFileType = sourcecode.swift; path = FavoriteCell.swift; sourceTree = "<group>"; };
		1F47D17527A9F972005BBC14 /* DetailPhotoViewController.swift */ = {isa = PBXFileReference; lastKnownFileType = sourcecode.swift; path = DetailPhotoViewController.swift; sourceTree = "<group>"; };
		1FAFFBEA27A850F200D13FB5 /* FavoritePhotosViewController.swift */ = {isa = PBXFileReference; lastKnownFileType = sourcecode.swift; path = FavoritePhotosViewController.swift; sourceTree = "<group>"; };
		1FBA4EA427A68A72004EFD7D /* NetworkService.swift */ = {isa = PBXFileReference; lastKnownFileType = sourcecode.swift; path = NetworkService.swift; sourceTree = "<group>"; };
		1FBA4EA727A6A4E7004EFD7D /* NetworkDataFetcher.swift */ = {isa = PBXFileReference; lastKnownFileType = sourcecode.swift; path = NetworkDataFetcher.swift; sourceTree = "<group>"; };
		1FBA4EA927A6A550004EFD7D /* SearchResults.swift */ = {isa = PBXFileReference; lastKnownFileType = sourcecode.swift; path = SearchResults.swift; sourceTree = "<group>"; };
		1FEB7BE427A7C6D5006C3774 /* PhotosCell.swift */ = {isa = PBXFileReference; lastKnownFileType = sourcecode.swift; path = PhotosCell.swift; sourceTree = "<group>"; };
		1FFD139427A5C26E00E3FCA4 /* Pixels.app */ = {isa = PBXFileReference; explicitFileType = wrapper.application; includeInIndex = 0; path = Pixels.app; sourceTree = BUILT_PRODUCTS_DIR; };
		1FFD139727A5C26E00E3FCA4 /* AppDelegate.swift */ = {isa = PBXFileReference; lastKnownFileType = sourcecode.swift; path = AppDelegate.swift; sourceTree = "<group>"; };
		1FFD139927A5C26E00E3FCA4 /* SceneDelegate.swift */ = {isa = PBXFileReference; lastKnownFileType = sourcecode.swift; path = SceneDelegate.swift; sourceTree = "<group>"; };
		1FFD139B27A5C26E00E3FCA4 /* ViewController.swift */ = {isa = PBXFileReference; lastKnownFileType = sourcecode.swift; path = ViewController.swift; sourceTree = "<group>"; };
		1FFD139E27A5C26E00E3FCA4 /* Base */ = {isa = PBXFileReference; lastKnownFileType = file.storyboard; name = Base; path = Base.lproj/Main.storyboard; sourceTree = "<group>"; };
		1FFD13A027A5C26F00E3FCA4 /* Assets.xcassets */ = {isa = PBXFileReference; lastKnownFileType = folder.assetcatalog; path = Assets.xcassets; sourceTree = "<group>"; };
		1FFD13A327A5C26F00E3FCA4 /* Base */ = {isa = PBXFileReference; lastKnownFileType = file.storyboard; name = Base; path = Base.lproj/LaunchScreen.storyboard; sourceTree = "<group>"; };
		1FFD13A527A5C26F00E3FCA4 /* Info.plist */ = {isa = PBXFileReference; lastKnownFileType = text.plist.xml; path = Info.plist; sourceTree = "<group>"; };
		1FFD13AB27A5C4B300E3FCA4 /* MainTabBarController.swift */ = {isa = PBXFileReference; lastKnownFileType = sourcecode.swift; path = MainTabBarController.swift; sourceTree = "<group>"; };
		1FFD13AD27A5C62100E3FCA4 /* PhotosCollectionViewController.swift */ = {isa = PBXFileReference; lastKnownFileType = sourcecode.swift; path = PhotosCollectionViewController.swift; sourceTree = "<group>"; };
/* End PBXFileReference section */

/* Begin PBXFrameworksBuildPhase section */
		1FFD139127A5C26E00E3FCA4 /* Frameworks */ = {
			isa = PBXFrameworksBuildPhase;
			buildActionMask = 2147483647;
			files = (
				1FEB7BE827A7D182006C3774 /* SDWebImage in Frameworks */,
			);
			runOnlyForDeploymentPostprocessing = 0;
		};
/* End PBXFrameworksBuildPhase section */

/* Begin PBXGroup section */
		1FBA4EA627A69FAF004EFD7D /* Service */ = {
			isa = PBXGroup;
			children = (
				1FBA4EA427A68A72004EFD7D /* NetworkService.swift */,
				1FBA4EA727A6A4E7004EFD7D /* NetworkDataFetcher.swift */,
			);
			path = Service;
			sourceTree = "<group>";
		};
		1FBA4EAB27A6A576004EFD7D /* Model */ = {
			isa = PBXGroup;
			children = (
				1FBA4EA927A6A550004EFD7D /* SearchResults.swift */,
			);
			path = Model;
			sourceTree = "<group>";
		};
		1FBA4EAC27A78E70004EFD7D /* Controllers */ = {
			isa = PBXGroup;
			children = (
				1FFD139B27A5C26E00E3FCA4 /* ViewController.swift */,
				1FFD13AB27A5C4B300E3FCA4 /* MainTabBarController.swift */,
				1FFD13AD27A5C62100E3FCA4 /* PhotosCollectionViewController.swift */,
				1FAFFBEA27A850F200D13FB5 /* FavoritePhotosViewController.swift */,
				1F47D17527A9F972005BBC14 /* DetailPhotoViewController.swift */,
			);
			path = Controllers;
			sourceTree = "<group>";
		};
		1FFD138B27A5C26E00E3FCA4 = {
			isa = PBXGroup;
			children = (
				1FFD139627A5C26E00E3FCA4 /* Pixels */,
				1FFD139527A5C26E00E3FCA4 /* Products */,
			);
			sourceTree = "<group>";
		};
		1FFD139527A5C26E00E3FCA4 /* Products */ = {
			isa = PBXGroup;
			children = (
				1FFD139427A5C26E00E3FCA4 /* Pixels.app */,
			);
			name = Products;
			sourceTree = "<group>";
		};
		1FFD139627A5C26E00E3FCA4 /* Pixels */ = {
			isa = PBXGroup;
			children = (
				1FBA4EAB27A6A576004EFD7D /* Model */,
				1FBA4EA627A69FAF004EFD7D /* Service */,
				1FBA4EAC27A78E70004EFD7D /* Controllers */,
				1FFD139727A5C26E00E3FCA4 /* AppDelegate.swift */,
				1FEB7BE427A7C6D5006C3774 /* PhotosCell.swift */,
				1F2DB71D27A99DAD007E762A /* FavoriteCell.swift */,
				1FFD139927A5C26E00E3FCA4 /* SceneDelegate.swift */,
				1FFD139D27A5C26E00E3FCA4 /* Main.storyboard */,
				1FFD13A227A5C26F00E3FCA4 /* LaunchScreen.storyboard */,
				1FFD13A027A5C26F00E3FCA4 /* Assets.xcassets */,
				1FFD13A527A5C26F00E3FCA4 /* Info.plist */,
			);
			path = Pixels;
			sourceTree = "<group>";
		};
/* End PBXGroup section */

/* Begin PBXNativeTarget section */
		1FFD139327A5C26E00E3FCA4 /* Pixels */ = {
			isa = PBXNativeTarget;
			buildConfigurationList = 1FFD13A827A5C26F00E3FCA4 /* Build configuration list for PBXNativeTarget "Pixels" */;
			buildPhases = (
				1FFD139027A5C26E00E3FCA4 /* Sources */,
				1FFD139127A5C26E00E3FCA4 /* Frameworks */,
				1FFD139227A5C26E00E3FCA4 /* Resources */,
			);
			buildRules = (
			);
			dependencies = (
			);
			name = Pixels;
			packageProductDependencies = (
				1FEB7BE727A7D182006C3774 /* SDWebImage */,
			);
			productName = Pixels;
			productReference = 1FFD139427A5C26E00E3FCA4 /* Pixels.app */;
			productType = "com.apple.product-type.application";
		};
/* End PBXNativeTarget section */

/* Begin PBXProject section */
		1FFD138C27A5C26E00E3FCA4 /* Project object */ = {
			isa = PBXProject;
			attributes = {
				BuildIndependentTargetsInParallel = 1;
				LastSwiftUpdateCheck = 1320;
				LastUpgradeCheck = 1320;
				TargetAttributes = {
					1FFD139327A5C26E00E3FCA4 = {
						CreatedOnToolsVersion = 13.2.1;
					};
				};
			};
			buildConfigurationList = 1FFD138F27A5C26E00E3FCA4 /* Build configuration list for PBXProject "Pixels" */;
			compatibilityVersion = "Xcode 13.0";
			developmentRegion = en;
			hasScannedForEncodings = 0;
			knownRegions = (
				en,
				Base,
			);
			mainGroup = 1FFD138B27A5C26E00E3FCA4;
			packageReferences = (
				1FEB7BE627A7D182006C3774 /* XCRemoteSwiftPackageReference "SDWebImage" */,
			);
			productRefGroup = 1FFD139527A5C26E00E3FCA4 /* Products */;
			projectDirPath = "";
			projectRoot = "";
			targets = (
				1FFD139327A5C26E00E3FCA4 /* Pixels */,
			);
		};
/* End PBXProject section */

/* Begin PBXResourcesBuildPhase section */
		1FFD139227A5C26E00E3FCA4 /* Resources */ = {
			isa = PBXResourcesBuildPhase;
			buildActionMask = 2147483647;
			files = (
				1FFD13A427A5C26F00E3FCA4 /* LaunchScreen.storyboard in Resources */,
				1FFD13A127A5C26F00E3FCA4 /* Assets.xcassets in Resources */,
				1FFD139F27A5C26E00E3FCA4 /* Main.storyboard in Resources */,
			);
			runOnlyForDeploymentPostprocessing = 0;
		};
/* End PBXResourcesBuildPhase section */

/* Begin PBXSourcesBuildPhase section */
		1FFD139027A5C26E00E3FCA4 /* Sources */ = {
			isa = PBXSourcesBuildPhase;
			buildActionMask = 2147483647;
			files = (
				1FBA4EA827A6A4E7004EFD7D /* NetworkDataFetcher.swift in Sources */,
				1FFD139C27A5C26E00E3FCA4 /* ViewController.swift in Sources */,
				1FFD139827A5C26E00E3FCA4 /* AppDelegate.swift in Sources */,
				1FFD13AC27A5C4B300E3FCA4 /* MainTabBarController.swift in Sources */,
				1FFD13AE27A5C62100E3FCA4 /* PhotosCollectionViewController.swift in Sources */,
				1F2DB71E27A99DAD007E762A /* FavoriteCell.swift in Sources */,
				1F47D17627A9F972005BBC14 /* DetailPhotoViewController.swift in Sources */,
				1FBA4EA527A68A72004EFD7D /* NetworkService.swift in Sources */,
				1FBA4EAA27A6A550004EFD7D /* SearchResults.swift in Sources */,
				1FFD139A27A5C26E00E3FCA4 /* SceneDelegate.swift in Sources */,
				1FEB7BE527A7C6D5006C3774 /* PhotosCell.swift in Sources */,
				1FAFFBEB27A850F200D13FB5 /* FavoritePhotosViewController.swift in Sources */,
			);
			runOnlyForDeploymentPostprocessing = 0;
		};
/* End PBXSourcesBuildPhase section */

/* Begin PBXVariantGroup section */
		1FFD139D27A5C26E00E3FCA4 /* Main.storyboard */ = {
			isa = PBXVariantGroup;
			children = (
				1FFD139E27A5C26E00E3FCA4 /* Base */,
			);
			name = Main.storyboard;
			sourceTree = "<group>";
		};
		1FFD13A227A5C26F00E3FCA4 /* LaunchScreen.storyboard */ = {
			isa = PBXVariantGroup;
			children = (
				1FFD13A327A5C26F00E3FCA4 /* Base */,
			);
			name = LaunchScreen.storyboard;
			sourceTree = "<group>";
		};
/* End PBXVariantGroup section */

/* Begin XCBuildConfiguration section */
		1FFD13A627A5C26F00E3FCA4 /* Debug */ = {
			isa = XCBuildConfiguration;
			buildSettings = {
				ALWAYS_SEARCH_USER_PATHS = NO;
				CLANG_ANALYZER_NONNULL = YES;
				CLANG_ANALYZER_NUMBER_OBJECT_CONVERSION = YES_AGGRESSIVE;
				CLANG_CXX_LANGUAGE_STANDARD = "gnu++17";
				CLANG_CXX_LIBRARY = "libc++";
				CLANG_ENABLE_MODULES = YES;
				CLANG_ENABLE_OBJC_ARC = YES;
				CLANG_ENABLE_OBJC_WEAK = YES;
				CLANG_WARN_BLOCK_CAPTURE_AUTORELEASING = YES;
				CLANG_WARN_BOOL_CONVERSION = YES;
				CLANG_WARN_COMMA = YES;
				CLANG_WARN_CONSTANT_CONVERSION = YES;
				CLANG_WARN_DEPRECATED_OBJC_IMPLEMENTATIONS = YES;
				CLANG_WARN_DIRECT_OBJC_ISA_USAGE = YES_ERROR;
				CLANG_WARN_DOCUMENTATION_COMMENTS = YES;
				CLANG_WARN_EMPTY_BODY = YES;
				CLANG_WARN_ENUM_CONVERSION = YES;
				CLANG_WARN_INFINITE_RECURSION = YES;
				CLANG_WARN_INT_CONVERSION = YES;
				CLANG_WARN_NON_LITERAL_NULL_CONVERSION = YES;
				CLANG_WARN_OBJC_IMPLICIT_RETAIN_SELF = YES;
				CLANG_WARN_OBJC_LITERAL_CONVERSION = YES;
				CLANG_WARN_OBJC_ROOT_CLASS = YES_ERROR;
				CLANG_WARN_QUOTED_INCLUDE_IN_FRAMEWORK_HEADER = YES;
				CLANG_WARN_RANGE_LOOP_ANALYSIS = YES;
				CLANG_WARN_STRICT_PROTOTYPES = YES;
				CLANG_WARN_SUSPICIOUS_MOVE = YES;
				CLANG_WARN_UNGUARDED_AVAILABILITY = YES_AGGRESSIVE;
				CLANG_WARN_UNREACHABLE_CODE = YES;
				CLANG_WARN__DUPLICATE_METHOD_MATCH = YES;
				COPY_PHASE_STRIP = NO;
				DEBUG_INFORMATION_FORMAT = dwarf;
				ENABLE_STRICT_OBJC_MSGSEND = YES;
				ENABLE_TESTABILITY = YES;
				GCC_C_LANGUAGE_STANDARD = gnu11;
				GCC_DYNAMIC_NO_PIC = NO;
				GCC_NO_COMMON_BLOCKS = YES;
				GCC_OPTIMIZATION_LEVEL = 0;
				GCC_PREPROCESSOR_DEFINITIONS = (
					"DEBUG=1",
					"$(inherited)",
				);
				GCC_WARN_64_TO_32_BIT_CONVERSION = YES;
				GCC_WARN_ABOUT_RETURN_TYPE = YES_ERROR;
				GCC_WARN_UNDECLARED_SELECTOR = YES;
				GCC_WARN_UNINITIALIZED_AUTOS = YES_AGGRESSIVE;
				GCC_WARN_UNUSED_FUNCTION = YES;
				GCC_WARN_UNUSED_VARIABLE = YES;
				IPHONEOS_DEPLOYMENT_TARGET = 15.2;
				MTL_ENABLE_DEBUG_INFO = INCLUDE_SOURCE;
				MTL_FAST_MATH = YES;
				ONLY_ACTIVE_ARCH = YES;
				SDKROOT = iphoneos;
				SWIFT_ACTIVE_COMPILATION_CONDITIONS = DEBUG;
				SWIFT_OPTIMIZATION_LEVEL = "-Onone";
			};
			name = Debug;
		};
		1FFD13A727A5C26F00E3FCA4 /* Release */ = {
			isa = XCBuildConfiguration;
			buildSettings = {
				ALWAYS_SEARCH_USER_PATHS = NO;
				CLANG_ANALYZER_NONNULL = YES;
				CLANG_ANALYZER_NUMBER_OBJECT_CONVERSION = YES_AGGRESSIVE;
				CLANG_CXX_LANGUAGE_STANDARD = "gnu++17";
				CLANG_CXX_LIBRARY = "libc++";
				CLANG_ENABLE_MODULES = YES;
				CLANG_ENABLE_OBJC_ARC = YES;
				CLANG_ENABLE_OBJC_WEAK = YES;
				CLANG_WARN_BLOCK_CAPTURE_AUTORELEASING = YES;
				CLANG_WARN_BOOL_CONVERSION = YES;
				CLANG_WARN_COMMA = YES;
				CLANG_WARN_CONSTANT_CONVERSION = YES;
				CLANG_WARN_DEPRECATED_OBJC_IMPLEMENTATIONS = YES;
				CLANG_WARN_DIRECT_OBJC_ISA_USAGE = YES_ERROR;
				CLANG_WARN_DOCUMENTATION_COMMENTS = YES;
				CLANG_WARN_EMPTY_BODY = YES;
				CLANG_WARN_ENUM_CONVERSION = YES;
				CLANG_WARN_INFINITE_RECURSION = YES;
				CLANG_WARN_INT_CONVERSION = YES;
				CLANG_WARN_NON_LITERAL_NULL_CONVERSION = YES;
				CLANG_WARN_OBJC_IMPLICIT_RETAIN_SELF = YES;
				CLANG_WARN_OBJC_LITERAL_CONVERSION = YES;
				CLANG_WARN_OBJC_ROOT_CLASS = YES_ERROR;
				CLANG_WARN_QUOTED_INCLUDE_IN_FRAMEWORK_HEADER = YES;
				CLANG_WARN_RANGE_LOOP_ANALYSIS = YES;
				CLANG_WARN_STRICT_PROTOTYPES = YES;
				CLANG_WARN_SUSPICIOUS_MOVE = YES;
				CLANG_WARN_UNGUARDED_AVAILABILITY = YES_AGGRESSIVE;
				CLANG_WARN_UNREACHABLE_CODE = YES;
				CLANG_WARN__DUPLICATE_METHOD_MATCH = YES;
				COPY_PHASE_STRIP = NO;
				DEBUG_INFORMATION_FORMAT = "dwarf-with-dsym";
				ENABLE_NS_ASSERTIONS = NO;
				ENABLE_STRICT_OBJC_MSGSEND = YES;
				GCC_C_LANGUAGE_STANDARD = gnu11;
				GCC_NO_COMMON_BLOCKS = YES;
				GCC_WARN_64_TO_32_BIT_CONVERSION = YES;
				GCC_WARN_ABOUT_RETURN_TYPE = YES_ERROR;
				GCC_WARN_UNDECLARED_SELECTOR = YES;
				GCC_WARN_UNINITIALIZED_AUTOS = YES_AGGRESSIVE;
				GCC_WARN_UNUSED_FUNCTION = YES;
				GCC_WARN_UNUSED_VARIABLE = YES;
				IPHONEOS_DEPLOYMENT_TARGET = 15.2;
				MTL_ENABLE_DEBUG_INFO = NO;
				MTL_FAST_MATH = YES;
				SDKROOT = iphoneos;
				SWIFT_COMPILATION_MODE = wholemodule;
				SWIFT_OPTIMIZATION_LEVEL = "-O";
				VALIDATE_PRODUCT = YES;
			};
			name = Release;
		};
		1FFD13A927A5C26F00E3FCA4 /* Debug */ = {
			isa = XCBuildConfiguration;
			buildSettings = {
				ASSETCATALOG_COMPILER_APPICON_NAME = AppIcon;
				ASSETCATALOG_COMPILER_GLOBAL_ACCENT_COLOR_NAME = AccentColor;
				CODE_SIGN_STYLE = Automatic;
				CURRENT_PROJECT_VERSION = 1;
				DEVELOPMENT_TEAM = 723HTEFHBA;
				GENERATE_INFOPLIST_FILE = YES;
				INFOPLIST_FILE = Pixels/Info.plist;
				INFOPLIST_KEY_NSPhotoLibraryAddUsageDescription = "Our application needs permession to write photos to your photos library";
				INFOPLIST_KEY_UIApplicationSupportsIndirectInputEvents = YES;
				INFOPLIST_KEY_UILaunchStoryboardName = LaunchScreen;
				INFOPLIST_KEY_UIMainStoryboardFile = Main;
				INFOPLIST_KEY_UISupportedInterfaceOrientations_iPad = "UIInterfaceOrientationPortrait UIInterfaceOrientationPortraitUpsideDown UIInterfaceOrientationLandscapeLeft UIInterfaceOrientationLandscapeRight";
				INFOPLIST_KEY_UISupportedInterfaceOrientations_iPhone = "UIInterfaceOrientationPortrait UIInterfaceOrientationLandscapeLeft UIInterfaceOrientationLandscapeRight";
				IPHONEOS_DEPLOYMENT_TARGET = 13.0;
				LD_RUNPATH_SEARCH_PATHS = (
					"$(inherited)",
					"@executable_path/Frameworks",
				);
				MARKETING_VERSION = 1.0;
				PRODUCT_BUNDLE_IDENTIFIER = ru.ilines.nsu.Pixels;
				PRODUCT_NAME = "$(TARGET_NAME)";
				SWIFT_EMIT_LOC_STRINGS = YES;
				SWIFT_VERSION = 5.0;
				TARGETED_DEVICE_FAMILY = "1,2";
			};
			name = Debug;
		};
		1FFD13AA27A5C26F00E3FCA4 /* Release */ = {
			isa = XCBuildConfiguration;
			buildSettings = {
				ASSETCATALOG_COMPILER_APPICON_NAME = AppIcon;
				ASSETCATALOG_COMPILER_GLOBAL_ACCENT_COLOR_NAME = AccentColor;
				CODE_SIGN_STYLE = Automatic;
				CURRENT_PROJECT_VERSION = 1;
				DEVELOPMENT_TEAM = 723HTEFHBA;
				GENERATE_INFOPLIST_FILE = YES;
				INFOPLIST_FILE = Pixels/Info.plist;
				INFOPLIST_KEY_NSPhotoLibraryAddUsageDescription = "Our application needs permession to write photos to your photos library";
				INFOPLIST_KEY_UIApplicationSupportsIndirectInputEvents = YES;
				INFOPLIST_KEY_UILaunchStoryboardName = LaunchScreen;
				INFOPLIST_KEY_UIMainStoryboardFile = Main;
				INFOPLIST_KEY_UISupportedInterfaceOrientations_iPad = "UIInterfaceOrientationPortrait UIInterfaceOrientationPortraitUpsideDown UIInterfaceOrientationLandscapeLeft UIInterfaceOrientationLandscapeRight";
				INFOPLIST_KEY_UISupportedInterfaceOrientations_iPhone = "UIInterfaceOrientationPortrait UIInterfaceOrientationLandscapeLeft UIInterfaceOrientationLandscapeRight";
				IPHONEOS_DEPLOYMENT_TARGET = 13.0;
				LD_RUNPATH_SEARCH_PATHS = (
					"$(inherited)",
					"@executable_path/Frameworks",
				);
				MARKETING_VERSION = 1.0;
				PRODUCT_BUNDLE_IDENTIFIER = ru.ilines.nsu.Pixels;
				PRODUCT_NAME = "$(TARGET_NAME)";
				SWIFT_EMIT_LOC_STRINGS = YES;
				SWIFT_VERSION = 5.0;
				TARGETED_DEVICE_FAMILY = "1,2";
			};
			name = Release;
		};
/* End XCBuildConfiguration section */

/* Begin XCConfigurationList section */
		1FFD138F27A5C26E00E3FCA4 /* Build configuration list for PBXProject "Pixels" */ = {
			isa = XCConfigurationList;
			buildConfigurations = (
				1FFD13A627A5C26F00E3FCA4 /* Debug */,
				1FFD13A727A5C26F00E3FCA4 /* Release */,
			);
			defaultConfigurationIsVisible = 0;
			defaultConfigurationName = Release;
		};
		1FFD13A827A5C26F00E3FCA4 /* Build configuration list for PBXNativeTarget "Pixels" */ = {
			isa = XCConfigurationList;
			buildConfigurations = (
				1FFD13A927A5C26F00E3FCA4 /* Debug */,
				1FFD13AA27A5C26F00E3FCA4 /* Release */,
			);
			defaultConfigurationIsVisible = 0;
			defaultConfigurationName = Release;
		};
/* End XCConfigurationList section */

/* Begin XCRemoteSwiftPackageReference section */
		1FEB7BE627A7D182006C3774 /* XCRemoteSwiftPackageReference "SDWebImage" */ = {
			isa = XCRemoteSwiftPackageReference;
			repositoryURL = "https://github.com/SDWebImage/SDWebImage.git";
			requirement = {
				kind = upToNextMajorVersion;
				minimumVersion = 5.0.0;
			};
		};
/* End XCRemoteSwiftPackageReference section */

/* Begin XCSwiftPackageProductDependency section */
		1FEB7BE727A7D182006C3774 /* SDWebImage */ = {
			isa = XCSwiftPackageProductDependency;
			package = 1FEB7BE627A7D182006C3774 /* XCRemoteSwiftPackageReference "SDWebImage" */;
			productName = SDWebImage;
		};
/* End XCSwiftPackageProductDependency section */
	};
	rootObject = 1FFD138C27A5C26E00E3FCA4 /* Project object */;
}
